// !$*UTF8*$!
{
	archiveVersion = 1;
	classes = {
	};
	objectVersion = 46;
	objects = {

/* Begin PBXBuildFile section */
		833323DA1AE091A7008EBBDC /* star.png in Resources */ = {isa = PBXBuildFile; fileRef = 833323D91AE091A7008EBBDC /* star.png */; };
		833323DC1AE188AA008EBBDC /* black hole.png in Resources */ = {isa = PBXBuildFile; fileRef = 833323DB1AE188AA008EBBDC /* black hole.png */; };
		835AFA6B1ADEF701009539C3 /* level0.txt in Resources */ = {isa = PBXBuildFile; fileRef = 835AFA6A1ADEF701009539C3 /* level0.txt */; };
		835AFA6E1ADF00BD009539C3 /* player.png in Resources */ = {isa = PBXBuildFile; fileRef = 835AFA6C1ADF00BD009539C3 /* player.png */; };
		835AFA6F1ADF00BD009539C3 /* player@2x.png in Resources */ = {isa = PBXBuildFile; fileRef = 835AFA6D1ADF00BD009539C3 /* player@2x.png */; };
		836E8ABC1AD8F47000B4B836 /* AppDelegate.swift in Sources */ = {isa = PBXBuildFile; fileRef = 836E8ABB1AD8F47000B4B836 /* AppDelegate.swift */; };
		836E8ABE1AD8F47000B4B836 /* GameScene.sks in Resources */ = {isa = PBXBuildFile; fileRef = 836E8ABD1AD8F47000B4B836 /* GameScene.sks */; };
		836E8AC01AD8F47000B4B836 /* GameScene.swift in Sources */ = {isa = PBXBuildFile; fileRef = 836E8ABF1AD8F47000B4B836 /* GameScene.swift */; };
		836E8AC21AD8F47000B4B836 /* GameViewController.swift in Sources */ = {isa = PBXBuildFile; fileRef = 836E8AC11AD8F47000B4B836 /* GameViewController.swift */; };
		836E8AC51AD8F47000B4B836 /* Main.storyboard in Resources */ = {isa = PBXBuildFile; fileRef = 836E8AC31AD8F47000B4B836 /* Main.storyboard */; };
		836E8AC71AD8F47000B4B836 /* Images.xcassets in Resources */ = {isa = PBXBuildFile; fileRef = 836E8AC61AD8F47000B4B836 /* Images.xcassets */; };
		836E8ACA1AD8F47000B4B836 /* LaunchScreen.xib in Resources */ = {isa = PBXBuildFile; fileRef = 836E8AC81AD8F47000B4B836 /* LaunchScreen.xib */; };
		836E8AD61AD8F47000B4B836 /* SKRollerTests.swift in Sources */ = {isa = PBXBuildFile; fileRef = 836E8AD51AD8F47000B4B836 /* SKRollerTests.swift */; };
		836E8AE01ADB8E7800B4B836 /* SwiftSocket.swift in Sources */ = {isa = PBXBuildFile; fileRef = 836E8ADF1ADB8E7800B4B836 /* SwiftSocket.swift */; };
		836E8AE71ADB8E8C00B4B836 /* ysocket.swift in Sources */ = {isa = PBXBuildFile; fileRef = 836E8AE21ADB8E8C00B4B836 /* ysocket.swift */; };
		836E8AE81ADB8E8C00B4B836 /* ytcpsocket.c in Sources */ = {isa = PBXBuildFile; fileRef = 836E8AE31ADB8E8C00B4B836 /* ytcpsocket.c */; };
		836E8AE91ADB8E8C00B4B836 /* ytcpsocket.swift in Sources */ = {isa = PBXBuildFile; fileRef = 836E8AE41ADB8E8C00B4B836 /* ytcpsocket.swift */; };
		836E8AEA1ADB8E8C00B4B836 /* yudpsocket.c in Sources */ = {isa = PBXBuildFile; fileRef = 836E8AE51ADB8E8C00B4B836 /* yudpsocket.c */; };
		836E8AEB1ADB8E8C00B4B836 /* yudpsocket.swift in Sources */ = {isa = PBXBuildFile; fileRef = 836E8AE61ADB8E8C00B4B836 /* yudpsocket.swift */; };
		83CF82311ADDD3BD00B9DB2B /* Advertiser.swift in Sources */ = {isa = PBXBuildFile; fileRef = 83CF822A1ADDD3BD00B9DB2B /* Advertiser.swift */; };
		83CF82321ADDD3BD00B9DB2B /* Browser.swift in Sources */ = {isa = PBXBuildFile; fileRef = 83CF822B1ADDD3BD00B9DB2B /* Browser.swift */; };
		83CF82331ADDD3BD00B9DB2B /* Info.plist in Resources */ = {isa = PBXBuildFile; fileRef = 83CF822C1ADDD3BD00B9DB2B /* Info.plist */; };
		83CF82341ADDD3BD00B9DB2B /* PeerKit.swift in Sources */ = {isa = PBXBuildFile; fileRef = 83CF822E1ADDD3BD00B9DB2B /* PeerKit.swift */; };
		83CF82351ADDD3BD00B9DB2B /* Session.swift in Sources */ = {isa = PBXBuildFile; fileRef = 83CF822F1ADDD3BD00B9DB2B /* Session.swift */; };
		83CF82361ADDD3BD00B9DB2B /* Transceiver.swift in Sources */ = {isa = PBXBuildFile; fileRef = 83CF82301ADDD3BD00B9DB2B /* Transceiver.swift */; };
		83CF82381ADDD46300B9DB2B /* PeerConnectionManager.swift in Sources */ = {isa = PBXBuildFile; fileRef = 83CF82371ADDD46300B9DB2B /* PeerConnectionManager.swift */; };
/* End PBXBuildFile section */

/* Begin PBXContainerItemProxy section */
		836E8AD01AD8F47000B4B836 /* PBXContainerItemProxy */ = {
			isa = PBXContainerItemProxy;
			containerPortal = 836E8AAE1AD8F47000B4B836 /* Project object */;
			proxyType = 1;
			remoteGlobalIDString = 836E8AB51AD8F47000B4B836;
			remoteInfo = SKRoller;
		};
/* End PBXContainerItemProxy section */

/* Begin PBXCopyFilesBuildPhase section */
		83B5F0C41ADDCE7700F1989F /* Copy Frameworks */ = {
			isa = PBXCopyFilesBuildPhase;
			buildActionMask = 2147483647;
			dstPath = "";
			dstSubfolderSpec = 10;
			files = (
			);
			name = "Copy Frameworks";
			runOnlyForDeploymentPostprocessing = 0;
		};
/* End PBXCopyFilesBuildPhase section */

/* Begin PBXFileReference section */
		833323D91AE091A7008EBBDC /* star.png */ = {isa = PBXFileReference; lastKnownFileType = image.png; name = star.png; path = SKRoller/star.png; sourceTree = "<group>"; };
		833323DB1AE188AA008EBBDC /* black hole.png */ = {isa = PBXFileReference; lastKnownFileType = image.png; name = "black hole.png"; path = "SKRoller/black hole.png"; sourceTree = "<group>"; };
		835AFA6A1ADEF701009539C3 /* level0.txt */ = {isa = PBXFileReference; fileEncoding = 4; lastKnownFileType = text; path = level0.txt; sourceTree = "<group>"; };
		835AFA6C1ADF00BD009539C3 /* player.png */ = {isa = PBXFileReference; lastKnownFileType = image.png; name = player.png; path = SKRoller/player.png; sourceTree = "<group>"; };
		835AFA6D1ADF00BD009539C3 /* player@2x.png */ = {isa = PBXFileReference; lastKnownFileType = image.png; name = "player@2x.png"; path = "SKRoller/player@2x.png"; sourceTree = "<group>"; };
		836E8AB61AD8F47000B4B836 /* SKRoller.app */ = {isa = PBXFileReference; explicitFileType = wrapper.application; includeInIndex = 0; path = SKRoller.app; sourceTree = BUILT_PRODUCTS_DIR; };
		836E8ABA1AD8F47000B4B836 /* Info.plist */ = {isa = PBXFileReference; lastKnownFileType = text.plist.xml; path = Info.plist; sourceTree = "<group>"; };
		836E8ABB1AD8F47000B4B836 /* AppDelegate.swift */ = {isa = PBXFileReference; lastKnownFileType = sourcecode.swift; path = AppDelegate.swift; sourceTree = "<group>"; };
		836E8ABD1AD8F47000B4B836 /* GameScene.sks */ = {isa = PBXFileReference; lastKnownFileType = file.sks; path = GameScene.sks; sourceTree = "<group>"; };
		836E8ABF1AD8F47000B4B836 /* GameScene.swift */ = {isa = PBXFileReference; lastKnownFileType = sourcecode.swift; path = GameScene.swift; sourceTree = "<group>"; };
		836E8AC11AD8F47000B4B836 /* GameViewController.swift */ = {isa = PBXFileReference; lastKnownFileType = sourcecode.swift; path = GameViewController.swift; sourceTree = "<group>"; };
		836E8AC41AD8F47000B4B836 /* Base */ = {isa = PBXFileReference; lastKnownFileType = file.storyboard; name = Base; path = Base.lproj/Main.storyboard; sourceTree = "<group>"; };
		836E8AC61AD8F47000B4B836 /* Images.xcassets */ = {isa = PBXFileReference; lastKnownFileType = folder.assetcatalog; path = Images.xcassets; sourceTree = "<group>"; };
		836E8AC91AD8F47000B4B836 /* Base */ = {isa = PBXFileReference; lastKnownFileType = file.xib; name = Base; path = Base.lproj/LaunchScreen.xib; sourceTree = "<group>"; };
		836E8ACF1AD8F47000B4B836 /* SKRollerTests.xctest */ = {isa = PBXFileReference; explicitFileType = wrapper.cfbundle; includeInIndex = 0; path = SKRollerTests.xctest; sourceTree = BUILT_PRODUCTS_DIR; };
		836E8AD41AD8F47000B4B836 /* Info.plist */ = {isa = PBXFileReference; lastKnownFileType = text.plist.xml; path = Info.plist; sourceTree = "<group>"; };
		836E8AD51AD8F47000B4B836 /* SKRollerTests.swift */ = {isa = PBXFileReference; lastKnownFileType = sourcecode.swift; path = SKRollerTests.swift; sourceTree = "<group>"; };
		836E8ADF1ADB8E7800B4B836 /* SwiftSocket.swift */ = {isa = PBXFileReference; fileEncoding = 4; lastKnownFileType = sourcecode.swift; path = SwiftSocket.swift; sourceTree = "<group>"; };
		836E8AE11ADB8E8000B4B836 /* SocketConnection-Bridging-Header.h */ = {isa = PBXFileReference; lastKnownFileType = sourcecode.c.h; path = "SocketConnection-Bridging-Header.h"; sourceTree = "<group>"; };
		836E8AE21ADB8E8C00B4B836 /* ysocket.swift */ = {isa = PBXFileReference; fileEncoding = 4; lastKnownFileType = sourcecode.swift; path = ysocket.swift; sourceTree = "<group>"; };
		836E8AE31ADB8E8C00B4B836 /* ytcpsocket.c */ = {isa = PBXFileReference; fileEncoding = 4; lastKnownFileType = sourcecode.c.c; path = ytcpsocket.c; sourceTree = "<group>"; };
		836E8AE41ADB8E8C00B4B836 /* ytcpsocket.swift */ = {isa = PBXFileReference; fileEncoding = 4; lastKnownFileType = sourcecode.swift; path = ytcpsocket.swift; sourceTree = "<group>"; };
		836E8AE51ADB8E8C00B4B836 /* yudpsocket.c */ = {isa = PBXFileReference; fileEncoding = 4; lastKnownFileType = sourcecode.c.c; path = yudpsocket.c; sourceTree = "<group>"; };
		836E8AE61ADB8E8C00B4B836 /* yudpsocket.swift */ = {isa = PBXFileReference; fileEncoding = 4; lastKnownFileType = sourcecode.swift; path = yudpsocket.swift; sourceTree = "<group>"; };
		83CF822A1ADDD3BD00B9DB2B /* Advertiser.swift */ = {isa = PBXFileReference; fileEncoding = 4; lastKnownFileType = sourcecode.swift; path = Advertiser.swift; sourceTree = "<group>"; };
		83CF822B1ADDD3BD00B9DB2B /* Browser.swift */ = {isa = PBXFileReference; fileEncoding = 4; lastKnownFileType = sourcecode.swift; path = Browser.swift; sourceTree = "<group>"; };
		83CF822C1ADDD3BD00B9DB2B /* Info.plist */ = {isa = PBXFileReference; fileEncoding = 4; lastKnownFileType = text.plist.xml; path = Info.plist; sourceTree = "<group>"; };
		83CF822D1ADDD3BD00B9DB2B /* PeerKit.h */ = {isa = PBXFileReference; fileEncoding = 4; lastKnownFileType = sourcecode.c.h; path = PeerKit.h; sourceTree = "<group>"; };
		83CF822E1ADDD3BD00B9DB2B /* PeerKit.swift */ = {isa = PBXFileReference; fileEncoding = 4; lastKnownFileType = sourcecode.swift; path = PeerKit.swift; sourceTree = "<group>"; };
		83CF822F1ADDD3BD00B9DB2B /* Session.swift */ = {isa = PBXFileReference; fileEncoding = 4; lastKnownFileType = sourcecode.swift; path = Session.swift; sourceTree = "<group>"; };
		83CF82301ADDD3BD00B9DB2B /* Transceiver.swift */ = {isa = PBXFileReference; fileEncoding = 4; lastKnownFileType = sourcecode.swift; path = Transceiver.swift; sourceTree = "<group>"; };
		83CF82371ADDD46300B9DB2B /* PeerConnectionManager.swift */ = {isa = PBXFileReference; fileEncoding = 4; lastKnownFileType = sourcecode.swift; path = PeerConnectionManager.swift; sourceTree = "<group>"; };
/* End PBXFileReference section */

/* Begin PBXFrameworksBuildPhase section */
		836E8AB31AD8F47000B4B836 /* Frameworks */ = {
			isa = PBXFrameworksBuildPhase;
			buildActionMask = 2147483647;
			files = (
			);
			runOnlyForDeploymentPostprocessing = 0;
		};
		836E8ACC1AD8F47000B4B836 /* Frameworks */ = {
			isa = PBXFrameworksBuildPhase;
			buildActionMask = 2147483647;
			files = (
			);
			runOnlyForDeploymentPostprocessing = 0;
		};
/* End PBXFrameworksBuildPhase section */

/* Begin PBXGroup section */
		835AFA701ADF130F009539C3 /* Levels */ = {
			isa = PBXGroup;
			children = (
				835AFA6A1ADEF701009539C3 /* level0.txt */,
			);
			name = Levels;
			path = SKRoller;
			sourceTree = "<group>";
		};
		835AFA711ADF132C009539C3 /* Socket Stuff */ = {
			isa = PBXGroup;
			children = (
				836E8ADF1ADB8E7800B4B836 /* SwiftSocket.swift */,
				836E8AE11ADB8E8000B4B836 /* SocketConnection-Bridging-Header.h */,
				836E8AE21ADB8E8C00B4B836 /* ysocket.swift */,
				836E8AE31ADB8E8C00B4B836 /* ytcpsocket.c */,
				836E8AE41ADB8E8C00B4B836 /* ytcpsocket.swift */,
				836E8AE51ADB8E8C00B4B836 /* yudpsocket.c */,
				836E8AE61ADB8E8C00B4B836 /* yudpsocket.swift */,
			);
			name = "Socket Stuff";
			sourceTree = "<group>";
		};
		835AFA721ADF1367009539C3 /* Images */ = {
			isa = PBXGroup;
			children = (
				835AFA6C1ADF00BD009539C3 /* player.png */,
				833323DB1AE188AA008EBBDC /* black hole.png */,
				833323D91AE091A7008EBBDC /* star.png */,
				835AFA6D1ADF00BD009539C3 /* player@2x.png */,
			);
			name = Images;
			sourceTree = "<group>";
		};
		836E8AAD1AD8F47000B4B836 = {
			isa = PBXGroup;
			children = (
				835AFA701ADF130F009539C3 /* Levels */,
				835AFA721ADF1367009539C3 /* Images */,
				835AFA711ADF132C009539C3 /* Socket Stuff */,
				83CF82291ADDD39B00B9DB2B /* PeerKit */,
				836E8AB81AD8F47000B4B836 /* SKRoller */,
				836E8AD21AD8F47000B4B836 /* SKRollerTests */,
				836E8AB71AD8F47000B4B836 /* Products */,
			);
			sourceTree = "<group>";
		};
		836E8AB71AD8F47000B4B836 /* Products */ = {
			isa = PBXGroup;
			children = (
				836E8AB61AD8F47000B4B836 /* SKRoller.app */,
				836E8ACF1AD8F47000B4B836 /* SKRollerTests.xctest */,
			);
			name = Products;
			sourceTree = "<group>";
		};
		836E8AB81AD8F47000B4B836 /* SKRoller */ = {
			isa = PBXGroup;
			children = (
				836E8ABB1AD8F47000B4B836 /* AppDelegate.swift */,
				836E8ABD1AD8F47000B4B836 /* GameScene.sks */,
				836E8ABF1AD8F47000B4B836 /* GameScene.swift */,
				836E8AC11AD8F47000B4B836 /* GameViewController.swift */,
				83CF82371ADDD46300B9DB2B /* PeerConnectionManager.swift */,
				836E8AC31AD8F47000B4B836 /* Main.storyboard */,
				836E8AC61AD8F47000B4B836 /* Images.xcassets */,
				836E8AC81AD8F47000B4B836 /* LaunchScreen.xib */,
				836E8AB91AD8F47000B4B836 /* Supporting Files */,
			);
			path = SKRoller;
			sourceTree = "<group>";
		};
		836E8AB91AD8F47000B4B836 /* Supporting Files */ = {
			isa = PBXGroup;
			children = (
				836E8ABA1AD8F47000B4B836 /* Info.plist */,
			);
			name = "Supporting Files";
			sourceTree = "<group>";
		};
		836E8AD21AD8F47000B4B836 /* SKRollerTests */ = {
			isa = PBXGroup;
			children = (
				836E8AD51AD8F47000B4B836 /* SKRollerTests.swift */,
				836E8AD31AD8F47000B4B836 /* Supporting Files */,
			);
			path = SKRollerTests;
			sourceTree = "<group>";
		};
		836E8AD31AD8F47000B4B836 /* Supporting Files */ = {
			isa = PBXGroup;
			children = (
				836E8AD41AD8F47000B4B836 /* Info.plist */,
			);
			name = "Supporting Files";
			sourceTree = "<group>";
		};
		83CF82291ADDD39B00B9DB2B /* PeerKit */ = {
			isa = PBXGroup;
			children = (
				83CF822A1ADDD3BD00B9DB2B /* Advertiser.swift */,
				83CF822B1ADDD3BD00B9DB2B /* Browser.swift */,
				83CF822C1ADDD3BD00B9DB2B /* Info.plist */,
				83CF822D1ADDD3BD00B9DB2B /* PeerKit.h */,
				83CF822E1ADDD3BD00B9DB2B /* PeerKit.swift */,
				83CF822F1ADDD3BD00B9DB2B /* Session.swift */,
				83CF82301ADDD3BD00B9DB2B /* Transceiver.swift */,
			);
			name = PeerKit;
			sourceTree = "<group>";
		};
/* End PBXGroup section */

/* Begin PBXNativeTarget section */
		836E8AB51AD8F47000B4B836 /* SKRoller */ = {
			isa = PBXNativeTarget;
			buildConfigurationList = 836E8AD91AD8F47000B4B836 /* Build configuration list for PBXNativeTarget "SKRoller" */;
			buildPhases = (
				836E8AB21AD8F47000B4B836 /* Sources */,
				836E8AB31AD8F47000B4B836 /* Frameworks */,
				836E8AB41AD8F47000B4B836 /* Resources */,
				83B5F0C41ADDCE7700F1989F /* Copy Frameworks */,
			);
			buildRules = (
			);
			dependencies = (
			);
			name = SKRoller;
			productName = SKRoller;
			productReference = 836E8AB61AD8F47000B4B836 /* SKRoller.app */;
			productType = "com.apple.product-type.application";
		};
		836E8ACE1AD8F47000B4B836 /* SKRollerTests */ = {
			isa = PBXNativeTarget;
			buildConfigurationList = 836E8ADC1AD8F47000B4B836 /* Build configuration list for PBXNativeTarget "SKRollerTests" */;
			buildPhases = (
				836E8ACB1AD8F47000B4B836 /* Sources */,
				836E8ACC1AD8F47000B4B836 /* Frameworks */,
				836E8ACD1AD8F47000B4B836 /* Resources */,
			);
			buildRules = (
			);
			dependencies = (
				836E8AD11AD8F47000B4B836 /* PBXTargetDependency */,
			);
			name = SKRollerTests;
			productName = SKRollerTests;
			productReference = 836E8ACF1AD8F47000B4B836 /* SKRollerTests.xctest */;
			productType = "com.apple.product-type.bundle.unit-test";
		};
/* End PBXNativeTarget section */

/* Begin PBXProject section */
		836E8AAE1AD8F47000B4B836 /* Project object */ = {
			isa = PBXProject;
			attributes = {
				LastUpgradeCheck = 0630;
				ORGANIZATIONNAME = "Stuart Nelson";
				TargetAttributes = {
					836E8AB51AD8F47000B4B836 = {
						CreatedOnToolsVersion = 6.3;
						DevelopmentTeam = ZNAK33UCX7;
					};
					836E8ACE1AD8F47000B4B836 = {
						CreatedOnToolsVersion = 6.3;
						TestTargetID = 836E8AB51AD8F47000B4B836;
					};
				};
			};
			buildConfigurationList = 836E8AB11AD8F47000B4B836 /* Build configuration list for PBXProject "SKRoller" */;
			compatibilityVersion = "Xcode 3.2";
			developmentRegion = English;
			hasScannedForEncodings = 0;
			knownRegions = (
				en,
				Base,
			);
			mainGroup = 836E8AAD1AD8F47000B4B836;
			productRefGroup = 836E8AB71AD8F47000B4B836 /* Products */;
			projectDirPath = "";
			projectRoot = "";
			targets = (
				836E8AB51AD8F47000B4B836 /* SKRoller */,
				836E8ACE1AD8F47000B4B836 /* SKRollerTests */,
			);
		};
/* End PBXProject section */

/* Begin PBXResourcesBuildPhase section */
		836E8AB41AD8F47000B4B836 /* Resources */ = {
			isa = PBXResourcesBuildPhase;
			buildActionMask = 2147483647;
			files = (
				835AFA6E1ADF00BD009539C3 /* player.png in Resources */,
				836E8ACA1AD8F47000B4B836 /* LaunchScreen.xib in Resources */,
				833323DA1AE091A7008EBBDC /* star.png in Resources */,
				836E8AC71AD8F47000B4B836 /* Images.xcassets in Resources */,
				833323DC1AE188AA008EBBDC /* black hole.png in Resources */,
				836E8ABE1AD8F47000B4B836 /* GameScene.sks in Resources */,
				83CF82331ADDD3BD00B9DB2B /* Info.plist in Resources */,
				835AFA6B1ADEF701009539C3 /* level0.txt in Resources */,
				836E8AC51AD8F47000B4B836 /* Main.storyboard in Resources */,
				835AFA6F1ADF00BD009539C3 /* player@2x.png in Resources */,
			);
			runOnlyForDeploymentPostprocessing = 0;
		};
		836E8ACD1AD8F47000B4B836 /* Resources */ = {
			isa = PBXResourcesBuildPhase;
			buildActionMask = 2147483647;
			files = (
			);
			runOnlyForDeploymentPostprocessing = 0;
		};
/* End PBXResourcesBuildPhase section */

/* Begin PBXSourcesBuildPhase section */
		836E8AB21AD8F47000B4B836 /* Sources */ = {
			isa = PBXSourcesBuildPhase;
			buildActionMask = 2147483647;
			files = (
				83CF82361ADDD3BD00B9DB2B /* Transceiver.swift in Sources */,
				83CF82311ADDD3BD00B9DB2B /* Advertiser.swift in Sources */,
				836E8AEA1ADB8E8C00B4B836 /* yudpsocket.c in Sources */,
				836E8AC01AD8F47000B4B836 /* GameScene.swift in Sources */,
				83CF82381ADDD46300B9DB2B /* PeerConnectionManager.swift in Sources */,
				836E8AC21AD8F47000B4B836 /* GameViewController.swift in Sources */,
				83CF82341ADDD3BD00B9DB2B /* PeerKit.swift in Sources */,
				836E8AE01ADB8E7800B4B836 /* SwiftSocket.swift in Sources */,
				836E8AE71ADB8E8C00B4B836 /* ysocket.swift in Sources */,
				83CF82351ADDD3BD00B9DB2B /* Session.swift in Sources */,
				836E8AE81ADB8E8C00B4B836 /* ytcpsocket.c in Sources */,
				836E8AEB1ADB8E8C00B4B836 /* yudpsocket.swift in Sources */,
				83CF82321ADDD3BD00B9DB2B /* Browser.swift in Sources */,
				836E8AE91ADB8E8C00B4B836 /* ytcpsocket.swift in Sources */,
				836E8ABC1AD8F47000B4B836 /* AppDelegate.swift in Sources */,
			);
			runOnlyForDeploymentPostprocessing = 0;
		};
		836E8ACB1AD8F47000B4B836 /* Sources */ = {
			isa = PBXSourcesBuildPhase;
			buildActionMask = 2147483647;
			files = (
				836E8AD61AD8F47000B4B836 /* SKRollerTests.swift in Sources */,
			);
			runOnlyForDeploymentPostprocessing = 0;
		};
/* End PBXSourcesBuildPhase section */

/* Begin PBXTargetDependency section */
		836E8AD11AD8F47000B4B836 /* PBXTargetDependency */ = {
			isa = PBXTargetDependency;
			target = 836E8AB51AD8F47000B4B836 /* SKRoller */;
			targetProxy = 836E8AD01AD8F47000B4B836 /* PBXContainerItemProxy */;
		};
/* End PBXTargetDependency section */

/* Begin PBXVariantGroup section */
		836E8AC31AD8F47000B4B836 /* Main.storyboard */ = {
			isa = PBXVariantGroup;
			children = (
				836E8AC41AD8F47000B4B836 /* Base */,
			);
			name = Main.storyboard;
			sourceTree = "<group>";
		};
		836E8AC81AD8F47000B4B836 /* LaunchScreen.xib */ = {
			isa = PBXVariantGroup;
			children = (
				836E8AC91AD8F47000B4B836 /* Base */,
			);
			name = LaunchScreen.xib;
			sourceTree = "<group>";
		};
/* End PBXVariantGroup section */

/* Begin XCBuildConfiguration section */
		836E8AD71AD8F47000B4B836 /* Debug */ = {
			isa = XCBuildConfiguration;
			buildSettings = {
				ALWAYS_SEARCH_USER_PATHS = NO;
				CLANG_CXX_LANGUAGE_STANDARD = "gnu++0x";
				CLANG_CXX_LIBRARY = "libc++";
				CLANG_ENABLE_MODULES = YES;
				CLANG_ENABLE_OBJC_ARC = YES;
				CLANG_WARN_BOOL_CONVERSION = YES;
				CLANG_WARN_CONSTANT_CONVERSION = YES;
				CLANG_WARN_DIRECT_OBJC_ISA_USAGE = YES_ERROR;
				CLANG_WARN_EMPTY_BODY = YES;
				CLANG_WARN_ENUM_CONVERSION = YES;
				CLANG_WARN_INT_CONVERSION = YES;
				CLANG_WARN_OBJC_ROOT_CLASS = YES_ERROR;
				CLANG_WARN_UNREACHABLE_CODE = YES;
				CLANG_WARN__DUPLICATE_METHOD_MATCH = YES;
				"CODE_SIGN_IDENTITY[sdk=iphoneos*]" = "iPhone Developer";
				COPY_PHASE_STRIP = NO;
				DEBUG_INFORMATION_FORMAT = "dwarf-with-dsym";
				ENABLE_STRICT_OBJC_MSGSEND = YES;
				GCC_C_LANGUAGE_STANDARD = gnu99;
				GCC_DYNAMIC_NO_PIC = NO;
				GCC_NO_COMMON_BLOCKS = YES;
				GCC_OPTIMIZATION_LEVEL = 0;
				GCC_PREPROCESSOR_DEFINITIONS = (
					"DEBUG=1",
					"$(inherited)",
				);
				GCC_SYMBOLS_PRIVATE_EXTERN = NO;
				GCC_WARN_64_TO_32_BIT_CONVERSION = YES;
				GCC_WARN_ABOUT_RETURN_TYPE = YES_ERROR;
				GCC_WARN_UNDECLARED_SELECTOR = YES;
				GCC_WARN_UNINITIALIZED_AUTOS = YES_AGGRESSIVE;
				GCC_WARN_UNUSED_FUNCTION = YES;
				GCC_WARN_UNUSED_VARIABLE = YES;
				IPHONEOS_DEPLOYMENT_TARGET = 8.3;
				MTL_ENABLE_DEBUG_INFO = YES;
				ONLY_ACTIVE_ARCH = YES;
				SDKROOT = iphoneos;
				SWIFT_OPTIMIZATION_LEVEL = "-Onone";
				TARGETED_DEVICE_FAMILY = "1,2";
			};
			name = Debug;
		};
		836E8AD81AD8F47000B4B836 /* Release */ = {
			isa = XCBuildConfiguration;
			buildSettings = {
				ALWAYS_SEARCH_USER_PATHS = NO;
				CLANG_CXX_LANGUAGE_STANDARD = "gnu++0x";
				CLANG_CXX_LIBRARY = "libc++";
				CLANG_ENABLE_MODULES = YES;
				CLANG_ENABLE_OBJC_ARC = YES;
				CLANG_WARN_BOOL_CONVERSION = YES;
				CLANG_WARN_CONSTANT_CONVERSION = YES;
				CLANG_WARN_DIRECT_OBJC_ISA_USAGE = YES_ERROR;
				CLANG_WARN_EMPTY_BODY = YES;
				CLANG_WARN_ENUM_CONVERSION = YES;
				CLANG_WARN_INT_CONVERSION = YES;
				CLANG_WARN_OBJC_ROOT_CLASS = YES_ERROR;
				CLANG_WARN_UNREACHABLE_CODE = YES;
				CLANG_WARN__DUPLICATE_METHOD_MATCH = YES;
				"CODE_SIGN_IDENTITY[sdk=iphoneos*]" = "iPhone Developer";
				COPY_PHASE_STRIP = NO;
				DEBUG_INFORMATION_FORMAT = "dwarf-with-dsym";
				ENABLE_NS_ASSERTIONS = NO;
				ENABLE_STRICT_OBJC_MSGSEND = YES;
				GCC_C_LANGUAGE_STANDARD = gnu99;
				GCC_NO_COMMON_BLOCKS = YES;
				GCC_WARN_64_TO_32_BIT_CONVERSION = YES;
				GCC_WARN_ABOUT_RETURN_TYPE = YES_ERROR;
				GCC_WARN_UNDECLARED_SELECTOR = YES;
				GCC_WARN_UNINITIALIZED_AUTOS = YES_AGGRESSIVE;
				GCC_WARN_UNUSED_FUNCTION = YES;
				GCC_WARN_UNUSED_VARIABLE = YES;
				IPHONEOS_DEPLOYMENT_TARGET = 8.3;
				MTL_ENABLE_DEBUG_INFO = NO;
				SDKROOT = iphoneos;
				TARGETED_DEVICE_FAMILY = "1,2";
				VALIDATE_PRODUCT = YES;
			};
			name = Release;
		};
		836E8ADA1AD8F47000B4B836 /* Debug */ = {
			isa = XCBuildConfiguration;
			buildSettings = {
				ASSETCATALOG_COMPILER_APPICON_NAME = AppIcon;
				CLANG_ENABLE_MODULES = YES;
				CODE_SIGN_IDENTITY = "iPhone Developer";
				"CODE_SIGN_IDENTITY[sdk=iphoneos*]" = "iPhone Developer";
				FRAMEWORK_SEARCH_PATHS = (
					"$(inherited)",
					"$(PROJECT_DIR)/PeerKit/build/Debug-iphoneos",
				);
				INFOPLIST_FILE = SKRoller/Info.plist;
				LD_RUNPATH_SEARCH_PATHS = "$(inherited) @executable_path/Frameworks";
				PRODUCT_NAME = "$(TARGET_NAME)";
				PROVISIONING_PROFILE = "";
				SWIFT_OPTIMIZATION_LEVEL = "-Onone";
				TARGETED_DEVICE_FAMILY = "1,2";
			};
			name = Debug;
		};
		836E8ADB1AD8F47000B4B836 /* Release */ = {
			isa = XCBuildConfiguration;
			buildSettings = {
				ASSETCATALOG_COMPILER_APPICON_NAME = AppIcon;
				CLANG_ENABLE_MODULES = YES;
				CODE_SIGN_IDENTITY = "iPhone Developer";
				"CODE_SIGN_IDENTITY[sdk=iphoneos*]" = "iPhone Developer";
				FRAMEWORK_SEARCH_PATHS = (
					"$(inherited)",
					"$(PROJECT_DIR)/PeerKit/build/Debug-iphoneos",
				);
				INFOPLIST_FILE = SKRoller/Info.plist;
				LD_RUNPATH_SEARCH_PATHS = "$(inherited) @executable_path/Frameworks";
				PRODUCT_NAME = "$(TARGET_NAME)";
				PROVISIONING_PROFILE = "";
				TARGETED_DEVICE_FAMILY = "1,2";
			};
			name = Release;
		};
		836E8ADD1AD8F47000B4B836 /* Debug */ = {
			isa = XCBuildConfiguration;
			buildSettings = {
				BUNDLE_LOADER = "$(TEST_HOST)";
				FRAMEWORK_SEARCH_PATHS = (
					"$(SDKROOT)/Developer/Library/Frameworks",
					"$(inherited)",
				);
				GCC_PREPROCESSOR_DEFINITIONS = (
					"DEBUG=1",
					"$(inherited)",
				);
				INFOPLIST_FILE = SKRollerTests/Info.plist;
				LD_RUNPATH_SEARCH_PATHS = "$(inherited) @executable_path/Frameworks @loader_path/Frameworks";
				PRODUCT_NAME = "$(TARGET_NAME)";
				TEST_HOST = "$(BUILT_PRODUCTS_DIR)/SKRoller.app/SKRoller";
			};
			name = Debug;
		};
		836E8ADE1AD8F47000B4B836 /* Release */ = {
			isa = XCBuildConfiguration;
			buildSettings = {
				BUNDLE_LOADER = "$(TEST_HOST)";
				FRAMEWORK_SEARCH_PATHS = (
					"$(SDKROOT)/Developer/Library/Frameworks",
					"$(inherited)",
				);
				INFOPLIST_FILE = SKRollerTests/Info.plist;
				LD_RUNPATH_SEARCH_PATHS = "$(inherited) @executable_path/Frameworks @loader_path/Frameworks";
				PRODUCT_NAME = "$(TARGET_NAME)";
				TEST_HOST = "$(BUILT_PRODUCTS_DIR)/SKRoller.app/SKRoller";
			};
			name = Release;
		};
/* End XCBuildConfiguration section */

/* Begin XCConfigurationList section */
		836E8AB11AD8F47000B4B836 /* Build configuration list for PBXProject "SKRoller" */ = {
			isa = XCConfigurationList;
			buildConfigurations = (
				836E8AD71AD8F47000B4B836 /* Debug */,
				836E8AD81AD8F47000B4B836 /* Release */,
			);
			defaultConfigurationIsVisible = 0;
			defaultConfigurationName = Release;
		};
		836E8AD91AD8F47000B4B836 /* Build configuration list for PBXNativeTarget "SKRoller" */ = {
			isa = XCConfigurationList;
			buildConfigurations = (
				836E8ADA1AD8F47000B4B836 /* Debug */,
				836E8ADB1AD8F47000B4B836 /* Release */,
			);
			defaultConfigurationIsVisible = 0;
			defaultConfigurationName = Release;
		};
		836E8ADC1AD8F47000B4B836 /* Build configuration list for PBXNativeTarget "SKRollerTests" */ = {
			isa = XCConfigurationList;
			buildConfigurations = (
				836E8ADD1AD8F47000B4B836 /* Debug */,
				836E8ADE1AD8F47000B4B836 /* Release */,
			);
			defaultConfigurationIsVisible = 0;
			defaultConfigurationName = Release;
		};
/* End XCConfigurationList section */
	};
	rootObject = 836E8AAE1AD8F47000B4B836 /* Project object */;
}
